
Microsoft Visual Studio Solution File, Format Version 12.00
# Visual Studio Version 17
VisualStudioVersion = 17.6.33815.320
MinimumVisualStudioVersion = 10.0.40219.1
Project("{FAE04EC0-301F-11D3-BF4B-00C04F79EFBC}") = "TimesCrud", "TimesCrud\TimesCrud.csproj", "{D7B5D78F-B97E-4237-98A6-3B88F8751A7F}"
EndProject
Global
	GlobalSection(SolutionConfigurationPlatforms) = preSolution
		Debug|Any CPU = Debug|Any CPU
		Release|Any CPU = Release|Any CPU
	EndGlobalSection
	GlobalSection(ProjectConfigurationPlatforms) = postSolution
		{D7B5D78F-B97E-4237-98A6-3B88F8751A7F}.Debug|Any CPU.ActiveCfg = Debug|Any CPU
		{D7B5D78F-B97E-4237-98A6-3B88F8751A7F}.Debug|Any CPU.Build.0 = Debug|Any CPU
		{D7B5D78F-B97E-4237-98A6-3B88F8751A7F}.Release|Any CPU.ActiveCfg = Release|Any CPU
		{D7B5D78F-B97E-4237-98A6-3B88F8751A7F}.Release|Any CPU.Build.0 = Release|Any CPU
	EndGlobalSection
	GlobalSection(SolutionProperties) = preSolution
		HideSolutionNode = FALSE
	EndGlobalSection
	GlobalSection(ExtensibilityGlobals) = postSolution
		SolutionGuid = {943A0994-F9C0-4027-A9CD-A74F102B5BD0}
	EndGlobalSection
EndGlobal
